schema: '2.0'
stages:
  get_data:
    cmd: python scripts/data.py
    deps:
    - path: scripts/data.py
      hash: md5
      md5: 84bb56311dfc2428d4bdb761a97fd126
      size: 1517
    params:
      params.yaml:
        index_col: customer_id
    outs:
    - path: data/initial_data.csv
      hash: md5
      md5: 07c36073c7eb8690b11c6de75712d4f8
      size: 873655
      cloud:
        my_storage:
          etag: 07c36073c7eb8690b11c6de75712d4f8
          version_id: 00062341783FB396
  fit_model:
    cmd: python scripts/fit.py
    deps:
    - path: data/initial_data.csv
      hash: md5
      md5: 07c36073c7eb8690b11c6de75712d4f8
      size: 873655
    - path: scripts/fit.py
      hash: md5
      md5: 8096b1ff00c1e75e48559e883de18410
      size: 1970
    params:
      params.yaml:
        C: 1
        auto_class_weights: Balanced
        index_col: customer_id
        one_hot_drop: if_binary
        penalty: l2
        target_col: target
    outs:
    - path: models/fitted_model.pkl
      hash: md5
      md5: d3d420ec739a185480f287eb96443ebb
      size: 10974
      cloud:
        my_storage:
          etag: d3d420ec739a185480f287eb96443ebb
          version_id: 00062344F5BCBF11
  evaluate_model:
    cmd: python scripts/evaluate.py
    deps:
    - path: models/fitted_model.pkl
      hash: md5
      md5: d3d420ec739a185480f287eb96443ebb
      size: 10974
    - path: scripts/evaluate.py
      hash: md5
      md5: 7782af75221f184e50329af1d078fe6b
      size: 1569
    params:
      params.yaml:
        index_col: customer_id
        metrics:
        - f1
        - roc_auc
        n_jobs: -1
        n_splits: 5
        target_col: target
    outs:
    - path: cv_results/cv_res.json
      hash: md5
      md5: e0303243f6b2837e2de4846aa3c0ea77
      size: 81
      cloud:
        my_storage:
          etag: e0303243f6b2837e2de4846aa3c0ea77
          version_id: 00062344F5BC6A80
